
Microsoft Visual Studio Solution File, Format Version 12.00
# Visual Studio 15
VisualStudioVersion = 15.0.28010.2036
MinimumVisualStudioVersion = 10.0.40219.1
Project("{FAE04EC0-301F-11D3-BF4B-00C04F79EFBC}") = "BBSK.Android", "BBSK\BBSK.Android\BBSK.Android.csproj", "{9663A734-3A6C-49FE-9791-4254826E7113}"
EndProject
Project("{FAE04EC0-301F-11D3-BF4B-00C04F79EFBC}") = "BBSK.iOS", "BBSK\BBSK.iOS\BBSK.iOS.csproj", "{0D2BE9E9-3BB5-42DA-AABC-642B4570F962}"
EndProject
Project("{FAE04EC0-301F-11D3-BF4B-00C04F79EFBC}") = "BBSK.UWP", "BBSK\BBSK.UWP\BBSK.UWP.csproj", "{378DEEA8-061E-489C-8E0B-50390B508631}"
EndProject
Project("{FAE04EC0-301F-11D3-BF4B-00C04F79EFBC}") = "BBSK", "BBSK\BBSK\BBSK.csproj", "{6544A2BC-94C3-45D8-B0E3-1358617E578B}"
EndProject
Global
	GlobalSection(SolutionConfigurationPlatforms) = preSolution
		Ad-Hoc|Any CPU = Ad-Hoc|Any CPU
		Ad-Hoc|ARM = Ad-Hoc|ARM
		Ad-Hoc|iPhone = Ad-Hoc|iPhone
		Ad-Hoc|iPhoneSimulator = Ad-Hoc|iPhoneSimulator
		Ad-Hoc|x64 = Ad-Hoc|x64
		Ad-Hoc|x86 = Ad-Hoc|x86
		AppStore|Any CPU = AppStore|Any CPU
		AppStore|ARM = AppStore|ARM
		AppStore|iPhone = AppStore|iPhone
		AppStore|iPhoneSimulator = AppStore|iPhoneSimulator
		AppStore|x64 = AppStore|x64
		AppStore|x86 = AppStore|x86
		Debug|Any CPU = Debug|Any CPU
		Debug|ARM = Debug|ARM
		Debug|iPhone = Debug|iPhone
		Debug|iPhoneSimulator = Debug|iPhoneSimulator
		Debug|x64 = Debug|x64
		Debug|x86 = Debug|x86
		Release|Any CPU = Release|Any CPU
		Release|ARM = Release|ARM
		Release|iPhone = Release|iPhone
		Release|iPhoneSimulator = Release|iPhoneSimulator
		Release|x64 = Release|x64
		Release|x86 = Release|x86
	EndGlobalSection
	GlobalSection(ProjectConfigurationPlatforms) = postSolution
		{9663A734-3A6C-49FE-9791-4254826E7113}.Ad-Hoc|Any CPU.ActiveCfg = Release|Any CPU
		{9663A734-3A6C-49FE-9791-4254826E7113}.Ad-Hoc|Any CPU.Build.0 = Release|Any CPU
		{9663A734-3A6C-49FE-9791-4254826E7113}.Ad-Hoc|Any CPU.Deploy.0 = Release|Any CPU
		{9663A734-3A6C-49FE-9791-4254826E7113}.Ad-Hoc|ARM.ActiveCfg = Release|Any CPU
		{9663A734-3A6C-49FE-9791-4254826E7113}.Ad-Hoc|ARM.Build.0 = Release|Any CPU
		{9663A734-3A6C-49FE-9791-4254826E7113}.Ad-Hoc|ARM.Deploy.0 = Release|Any CPU
		{9663A734-3A6C-49FE-9791-4254826E7113}.Ad-Hoc|iPhone.ActiveCfg = Release|Any CPU
		{9663A734-3A6C-49FE-9791-4254826E7113}.Ad-Hoc|iPhone.Build.0 = Release|Any CPU
		{9663A734-3A6C-49FE-9791-4254826E7113}.Ad-Hoc|iPhone.Deploy.0 = Release|Any CPU
		{9663A734-3A6C-49FE-9791-4254826E7113}.Ad-Hoc|iPhoneSimulator.ActiveCfg = Release|Any CPU
		{9663A734-3A6C-49FE-9791-4254826E7113}.Ad-Hoc|iPhoneSimulator.Build.0 = Release|Any CPU
		{9663A734-3A6C-49FE-9791-4254826E7113}.Ad-Hoc|iPhoneSimulator.Deploy.0 = Release|Any CPU
		{9663A734-3A6C-49FE-9791-4254826E7113}.Ad-Hoc|x64.ActiveCfg = Release|Any CPU
		{9663A734-3A6C-49FE-9791-4254826E7113}.Ad-Hoc|x64.Build.0 = Release|Any CPU
		{9663A734-3A6C-49FE-9791-4254826E7113}.Ad-Hoc|x64.Deploy.0 = Release|Any CPU
		{9663A734-3A6C-49FE-9791-4254826E7113}.Ad-Hoc|x86.ActiveCfg = Release|Any CPU
		{9663A734-3A6C-49FE-9791-4254826E7113}.Ad-Hoc|x86.Build.0 = Release|Any CPU
		{9663A734-3A6C-49FE-9791-4254826E7113}.Ad-Hoc|x86.Deploy.0 = Release|Any CPU
		{9663A734-3A6C-49FE-9791-4254826E7113}.AppStore|Any CPU.ActiveCfg = Release|Any CPU
		{9663A734-3A6C-49FE-9791-4254826E7113}.AppStore|Any CPU.Build.0 = Release|Any CPU
		{9663A734-3A6C-49FE-9791-4254826E7113}.AppStore|Any CPU.Deploy.0 = Release|Any CPU
		{9663A734-3A6C-49FE-9791-4254826E7113}.AppStore|ARM.ActiveCfg = Release|Any CPU
		{9663A734-3A6C-49FE-9791-4254826E7113}.AppStore|ARM.Build.0 = Release|Any CPU
		{9663A734-3A6C-49FE-9791-4254826E7113}.AppStore|ARM.Deploy.0 = Release|Any CPU
		{9663A734-3A6C-49FE-9791-4254826E7113}.AppStore|iPhone.ActiveCfg = Release|Any CPU
		{9663A734-3A6C-49FE-9791-4254826E7113}.AppStore|iPhone.Build.0 = Release|Any CPU
		{9663A734-3A6C-49FE-9791-4254826E7113}.AppStore|iPhone.Deploy.0 = Release|Any CPU
		{9663A734-3A6C-49FE-9791-4254826E7113}.AppStore|iPhoneSimulator.ActiveCfg = Release|Any CPU
		{9663A734-3A6C-49FE-9791-4254826E7113}.AppStore|iPhoneSimulator.Build.0 = Release|Any CPU
		{9663A734-3A6C-49FE-9791-4254826E7113}.AppStore|iPhoneSimulator.Deploy.0 = Release|Any CPU
		{9663A734-3A6C-49FE-9791-4254826E7113}.AppStore|x64.ActiveCfg = Release|Any CPU
		{9663A734-3A6C-49FE-9791-4254826E7113}.AppStore|x64.Build.0 = Release|Any CPU
		{9663A734-3A6C-49FE-9791-4254826E7113}.AppStore|x64.Deploy.0 = Release|Any CPU
		{9663A734-3A6C-49FE-9791-4254826E7113}.AppStore|x86.ActiveCfg = Release|Any CPU
		{9663A734-3A6C-49FE-9791-4254826E7113}.AppStore|x86.Build.0 = Release|Any CPU
		{9663A734-3A6C-49FE-9791-4254826E7113}.AppStore|x86.Deploy.0 = Release|Any CPU
		{9663A734-3A6C-49FE-9791-4254826E7113}.Debug|Any CPU.ActiveCfg = Debug|Any CPU
		{9663A734-3A6C-49FE-9791-4254826E7113}.Debug|Any CPU.Build.0 = Debug|Any CPU
		{9663A734-3A6C-49FE-9791-4254826E7113}.Debug|Any CPU.Deploy.0 = Debug|Any CPU
		{9663A734-3A6C-49FE-9791-4254826E7113}.Debug|ARM.ActiveCfg = Debug|Any CPU
		{9663A734-3A6C-49FE-9791-4254826E7113}.Debug|ARM.Build.0 = Debug|Any CPU
		{9663A734-3A6C-49FE-9791-4254826E7113}.Debug|ARM.Deploy.0 = Debug|Any CPU
		{9663A734-3A6C-49FE-9791-4254826E7113}.Debug|iPhone.ActiveCfg = Debug|Any CPU
		{9663A734-3A6C-49FE-9791-4254826E7113}.Debug|iPhone.Build.0 = Debug|Any CPU
		{9663A734-3A6C-49FE-9791-4254826E7113}.Debug|iPhone.Deploy.0 = Debug|Any CPU
		{9663A734-3A6C-49FE-9791-4254826E7113}.Debug|iPhoneSimulator.ActiveCfg = Debug|Any CPU
		{9663A734-3A6C-49FE-9791-4254826E7113}.Debug|iPhoneSimulator.Build.0 = Debug|Any CPU
		{9663A734-3A6C-49FE-9791-4254826E7113}.Debug|iPhoneSimulator.Deploy.0 = Debug|Any CPU
		{9663A734-3A6C-49FE-9791-4254826E7113}.Debug|x64.ActiveCfg = Debug|Any CPU
		{9663A734-3A6C-49FE-9791-4254826E7113}.Debug|x64.Build.0 = Debug|Any CPU
		{9663A734-3A6C-49FE-9791-4254826E7113}.Debug|x64.Deploy.0 = Debug|Any CPU
		{9663A734-3A6C-49FE-9791-4254826E7113}.Debug|x86.ActiveCfg = Debug|Any CPU
		{9663A734-3A6C-49FE-9791-4254826E7113}.Debug|x86.Build.0 = Debug|Any CPU
		{9663A734-3A6C-49FE-9791-4254826E7113}.Debug|x86.Deploy.0 = Debug|Any CPU
		{9663A734-3A6C-49FE-9791-4254826E7113}.Release|Any CPU.ActiveCfg = Release|Any CPU
		{9663A734-3A6C-49FE-9791-4254826E7113}.Release|Any CPU.Build.0 = Release|Any CPU
		{9663A734-3A6C-49FE-9791-4254826E7113}.Release|Any CPU.Deploy.0 = Release|Any CPU
		{9663A734-3A6C-49FE-9791-4254826E7113}.Release|ARM.ActiveCfg = Release|Any CPU
		{9663A734-3A6C-49FE-9791-4254826E7113}.Release|ARM.Build.0 = Release|Any CPU
		{9663A734-3A6C-49FE-9791-4254826E7113}.Release|ARM.Deploy.0 = Release|Any CPU
		{9663A734-3A6C-49FE-9791-4254826E7113}.Release|iPhone.ActiveCfg = Release|Any CPU
		{9663A734-3A6C-49FE-9791-4254826E7113}.Release|iPhone.Build.0 = Release|Any CPU
		{9663A734-3A6C-49FE-9791-4254826E7113}.Release|iPhone.Deploy.0 = Release|Any CPU
		{9663A734-3A6C-49FE-9791-4254826E7113}.Release|iPhoneSimulator.ActiveCfg = Release|Any CPU
		{9663A734-3A6C-49FE-9791-4254826E7113}.Release|iPhoneSimulator.Build.0 = Release|Any CPU
		{9663A734-3A6C-49FE-9791-4254826E7113}.Release|iPhoneSimulator.Deploy.0 = Release|Any CPU
		{9663A734-3A6C-49FE-9791-4254826E7113}.Release|x64.ActiveCfg = Release|Any CPU
		{9663A734-3A6C-49FE-9791-4254826E7113}.Release|x64.Build.0 = Release|Any CPU
		{9663A734-3A6C-49FE-9791-4254826E7113}.Release|x64.Deploy.0 = Release|Any CPU
		{9663A734-3A6C-49FE-9791-4254826E7113}.Release|x86.ActiveCfg = Release|Any CPU
		{9663A734-3A6C-49FE-9791-4254826E7113}.Release|x86.Build.0 = Release|Any CPU
		{9663A734-3A6C-49FE-9791-4254826E7113}.Release|x86.Deploy.0 = Release|Any CPU
		{0D2BE9E9-3BB5-42DA-AABC-642B4570F962}.Ad-Hoc|Any CPU.ActiveCfg = Ad-Hoc|iPhone
		{0D2BE9E9-3BB5-42DA-AABC-642B4570F962}.Ad-Hoc|Any CPU.Build.0 = Ad-Hoc|iPhone
		{0D2BE9E9-3BB5-42DA-AABC-642B4570F962}.Ad-Hoc|Any CPU.Deploy.0 = Ad-Hoc|iPhone
		{0D2BE9E9-3BB5-42DA-AABC-642B4570F962}.Ad-Hoc|ARM.ActiveCfg = Ad-Hoc|iPhone
		{0D2BE9E9-3BB5-42DA-AABC-642B4570F962}.Ad-Hoc|ARM.Build.0 = Ad-Hoc|iPhone
		{0D2BE9E9-3BB5-42DA-AABC-642B4570F962}.Ad-Hoc|ARM.Deploy.0 = Ad-Hoc|iPhone
		{0D2BE9E9-3BB5-42DA-AABC-642B4570F962}.Ad-Hoc|iPhone.ActiveCfg = Ad-Hoc|iPhone
		{0D2BE9E9-3BB5-42DA-AABC-642B4570F962}.Ad-Hoc|iPhone.Build.0 = Ad-Hoc|iPhone
		{0D2BE9E9-3BB5-42DA-AABC-642B4570F962}.Ad-Hoc|iPhone.Deploy.0 = Ad-Hoc|iPhone
		{0D2BE9E9-3BB5-42DA-AABC-642B4570F962}.Ad-Hoc|iPhoneSimulator.ActiveCfg = Ad-Hoc|iPhoneSimulator
		{0D2BE9E9-3BB5-42DA-AABC-642B4570F962}.Ad-Hoc|iPhoneSimulator.Build.0 = Ad-Hoc|iPhoneSimulator
		{0D2BE9E9-3BB5-42DA-AABC-642B4570F962}.Ad-Hoc|iPhoneSimulator.Deploy.0 = Ad-Hoc|iPhoneSimulator
		{0D2BE9E9-3BB5-42DA-AABC-642B4570F962}.Ad-Hoc|x64.ActiveCfg = Ad-Hoc|iPhone
		{0D2BE9E9-3BB5-42DA-AABC-642B4570F962}.Ad-Hoc|x64.Build.0 = Ad-Hoc|iPhone
		{0D2BE9E9-3BB5-42DA-AABC-642B4570F962}.Ad-Hoc|x64.Deploy.0 = Ad-Hoc|iPhone
		{0D2BE9E9-3BB5-42DA-AABC-642B4570F962}.Ad-Hoc|x86.ActiveCfg = Ad-Hoc|iPhone
		{0D2BE9E9-3BB5-42DA-AABC-642B4570F962}.Ad-Hoc|x86.Build.0 = Ad-Hoc|iPhone
		{0D2BE9E9-3BB5-42DA-AABC-642B4570F962}.Ad-Hoc|x86.Deploy.0 = Ad-Hoc|iPhone
		{0D2BE9E9-3BB5-42DA-AABC-642B4570F962}.AppStore|Any CPU.ActiveCfg = AppStore|iPhone
		{0D2BE9E9-3BB5-42DA-AABC-642B4570F962}.AppStore|Any CPU.Build.0 = AppStore|iPhone
		{0D2BE9E9-3BB5-42DA-AABC-642B4570F962}.AppStore|Any CPU.Deploy.0 = AppStore|iPhone
		{0D2BE9E9-3BB5-42DA-AABC-642B4570F962}.AppStore|ARM.ActiveCfg = AppStore|iPhone
		{0D2BE9E9-3BB5-42DA-AABC-642B4570F962}.AppStore|ARM.Build.0 = AppStore|iPhone
		{0D2BE9E9-3BB5-42DA-AABC-642B4570F962}.AppStore|ARM.Deploy.0 = AppStore|iPhone
		{0D2BE9E9-3BB5-42DA-AABC-642B4570F962}.AppStore|iPhone.ActiveCfg = AppStore|iPhone
		{0D2BE9E9-3BB5-42DA-AABC-642B4570F962}.AppStore|iPhone.Build.0 = AppStore|iPhone
		{0D2BE9E9-3BB5-42DA-AABC-642B4570F962}.AppStore|iPhone.Deploy.0 = AppStore|iPhone
		{0D2BE9E9-3BB5-42DA-AABC-642B4570F962}.AppStore|iPhoneSimulator.ActiveCfg = AppStore|iPhoneSimulator
		{0D2BE9E9-3BB5-42DA-AABC-642B4570F962}.AppStore|iPhoneSimulator.Build.0 = AppStore|iPhoneSimulator
		{0D2BE9E9-3BB5-42DA-AABC-642B4570F962}.AppStore|iPhoneSimulator.Deploy.0 = AppStore|iPhoneSimulator
		{0D2BE9E9-3BB5-42DA-AABC-642B4570F962}.AppStore|x64.ActiveCfg = AppStore|iPhone
		{0D2BE9E9-3BB5-42DA-AABC-642B4570F962}.AppStore|x64.Build.0 = AppStore|iPhone
		{0D2BE9E9-3BB5-42DA-AABC-642B4570F962}.AppStore|x64.Deploy.0 = AppStore|iPhone
		{0D2BE9E9-3BB5-42DA-AABC-642B4570F962}.AppStore|x86.ActiveCfg = AppStore|iPhone
		{0D2BE9E9-3BB5-42DA-AABC-642B4570F962}.AppStore|x86.Build.0 = AppStore|iPhone
		{0D2BE9E9-3BB5-42DA-AABC-642B4570F962}.AppStore|x86.Deploy.0 = AppStore|iPhone
		{0D2BE9E9-3BB5-42DA-AABC-642B4570F962}.Debug|Any CPU.ActiveCfg = Debug|iPhoneSimulator
		{0D2BE9E9-3BB5-42DA-AABC-642B4570F962}.Debug|Any CPU.Build.0 = Debug|iPhoneSimulator
		{0D2BE9E9-3BB5-42DA-AABC-642B4570F962}.Debug|Any CPU.Deploy.0 = Debug|iPhoneSimulator
		{0D2BE9E9-3BB5-42DA-AABC-642B4570F962}.Debug|ARM.ActiveCfg = Debug|iPhone
		{0D2BE9E9-3BB5-42DA-AABC-642B4570F962}.Debug|ARM.Build.0 = Debug|iPhone
		{0D2BE9E9-3BB5-42DA-AABC-642B4570F962}.Debug|ARM.Deploy.0 = Debug|iPhone
		{0D2BE9E9-3BB5-42DA-AABC-642B4570F962}.Debug|iPhone.ActiveCfg = Debug|iPhone
		{0D2BE9E9-3BB5-42DA-AABC-642B4570F962}.Debug|iPhone.Build.0 = Debug|iPhone
		{0D2BE9E9-3BB5-42DA-AABC-642B4570F962}.Debug|iPhone.Deploy.0 = Debug|iPhone
		{0D2BE9E9-3BB5-42DA-AABC-642B4570F962}.Debug|iPhoneSimulator.ActiveCfg = Debug|iPhoneSimulator
		{0D2BE9E9-3BB5-42DA-AABC-642B4570F962}.Debug|iPhoneSimulator.Build.0 = Debug|iPhoneSimulator
		{0D2BE9E9-3BB5-42DA-AABC-642B4570F962}.Debug|iPhoneSimulator.Deploy.0 = Debug|iPhoneSimulator
		{0D2BE9E9-3BB5-42DA-AABC-642B4570F962}.Debug|x64.ActiveCfg = Debug|iPhone
		{0D2BE9E9-3BB5-42DA-AABC-642B4570F962}.Debug|x64.Build.0 = Debug|iPhone
		{0D2BE9E9-3BB5-42DA-AABC-642B4570F962}.Debug|x64.Deploy.0 = Debug|iPhone
		{0D2BE9E9-3BB5-42DA-AABC-642B4570F962}.Debug|x86.ActiveCfg = Debug|iPhone
		{0D2BE9E9-3BB5-42DA-AABC-642B4570F962}.Debug|x86.Build.0 = Debug|iPhone
		{0D2BE9E9-3BB5-42DA-AABC-642B4570F962}.Debug|x86.Deploy.0 = Debug|iPhone
		{0D2BE9E9-3BB5-42DA-AABC-642B4570F962}.Release|Any CPU.ActiveCfg = Release|iPhone
		{0D2BE9E9-3BB5-42DA-AABC-642B4570F962}.Release|Any CPU.Build.0 = Release|iPhone
		{0D2BE9E9-3BB5-42DA-AABC-642B4570F962}.Release|Any CPU.Deploy.0 = Release|iPhone
		{0D2BE9E9-3BB5-42DA-AABC-642B4570F962}.Release|ARM.ActiveCfg = Release|iPhone
		{0D2BE9E9-3BB5-42DA-AABC-642B4570F962}.Release|ARM.Build.0 = Release|iPhone
		{0D2BE9E9-3BB5-42DA-AABC-642B4570F962}.Release|ARM.Deploy.0 = Release|iPhone
		{0D2BE9E9-3BB5-42DA-AABC-642B4570F962}.Release|iPhone.ActiveCfg = Release|iPhone
		{0D2BE9E9-3BB5-42DA-AABC-642B4570F962}.Release|iPhone.Build.0 = Release|iPhone
		{0D2BE9E9-3BB5-42DA-AABC-642B4570F962}.Release|iPhone.Deploy.0 = Release|iPhone
		{0D2BE9E9-3BB5-42DA-AABC-642B4570F962}.Release|iPhoneSimulator.ActiveCfg = Release|iPhoneSimulator
		{0D2BE9E9-3BB5-42DA-AABC-642B4570F962}.Release|iPhoneSimulator.Build.0 = Release|iPhoneSimulator
		{0D2BE9E9-3BB5-42DA-AABC-642B4570F962}.Release|iPhoneSimulator.Deploy.0 = Release|iPhoneSimulator
		{0D2BE9E9-3BB5-42DA-AABC-642B4570F962}.Release|x64.ActiveCfg = Release|iPhone
		{0D2BE9E9-3BB5-42DA-AABC-642B4570F962}.Release|x64.Build.0 = Release|iPhone
		{0D2BE9E9-3BB5-42DA-AABC-642B4570F962}.Release|x64.Deploy.0 = Release|iPhone
		{0D2BE9E9-3BB5-42DA-AABC-642B4570F962}.Release|x86.ActiveCfg = Release|iPhone
		{0D2BE9E9-3BB5-42DA-AABC-642B4570F962}.Release|x86.Build.0 = Release|iPhone
		{0D2BE9E9-3BB5-42DA-AABC-642B4570F962}.Release|x86.Deploy.0 = Release|iPhone
		{378DEEA8-061E-489C-8E0B-50390B508631}.Ad-Hoc|Any CPU.ActiveCfg = Release|x86
		{378DEEA8-061E-489C-8E0B-50390B508631}.Ad-Hoc|Any CPU.Build.0 = Release|x86
		{378DEEA8-061E-489C-8E0B-50390B508631}.Ad-Hoc|Any CPU.Deploy.0 = Release|x86
		{378DEEA8-061E-489C-8E0B-50390B508631}.Ad-Hoc|ARM.ActiveCfg = Release|ARM
		{378DEEA8-061E-489C-8E0B-50390B508631}.Ad-Hoc|ARM.Build.0 = Release|ARM
		{378DEEA8-061E-489C-8E0B-50390B508631}.Ad-Hoc|ARM.Deploy.0 = Release|ARM
		{378DEEA8-061E-489C-8E0B-50390B508631}.Ad-Hoc|iPhone.ActiveCfg = Release|x86
		{378DEEA8-061E-489C-8E0B-50390B508631}.Ad-Hoc|iPhone.Build.0 = Release|x86
		{378DEEA8-061E-489C-8E0B-50390B508631}.Ad-Hoc|iPhone.Deploy.0 = Release|x86
		{378DEEA8-061E-489C-8E0B-50390B508631}.Ad-Hoc|iPhoneSimulator.ActiveCfg = Release|x86
		{378DEEA8-061E-489C-8E0B-50390B508631}.Ad-Hoc|iPhoneSimulator.Build.0 = Release|x86
		{378DEEA8-061E-489C-8E0B-50390B508631}.Ad-Hoc|iPhoneSimulator.Deploy.0 = Release|x86
		{378DEEA8-061E-489C-8E0B-50390B508631}.Ad-Hoc|x64.ActiveCfg = Release|x64
		{378DEEA8-061E-489C-8E0B-50390B508631}.Ad-Hoc|x64.Build.0 = Release|x64
		{378DEEA8-061E-489C-8E0B-50390B508631}.Ad-Hoc|x64.Deploy.0 = Release|x64
		{378DEEA8-061E-489C-8E0B-50390B508631}.Ad-Hoc|x86.ActiveCfg = Release|x86
		{378DEEA8-061E-489C-8E0B-50390B508631}.Ad-Hoc|x86.Build.0 = Release|x86
		{378DEEA8-061E-489C-8E0B-50390B508631}.Ad-Hoc|x86.Deploy.0 = Release|x86
		{378DEEA8-061E-489C-8E0B-50390B508631}.AppStore|Any CPU.ActiveCfg = Release|x86
		{378DEEA8-061E-489C-8E0B-50390B508631}.AppStore|Any CPU.Build.0 = Release|x86
		{378DEEA8-061E-489C-8E0B-50390B508631}.AppStore|Any CPU.Deploy.0 = Release|x86
		{378DEEA8-061E-489C-8E0B-50390B508631}.AppStore|ARM.ActiveCfg = Release|ARM
		{378DEEA8-061E-489C-8E0B-50390B508631}.AppStore|ARM.Build.0 = Release|ARM
		{378DEEA8-061E-489C-8E0B-50390B508631}.AppStore|ARM.Deploy.0 = Release|ARM
		{378DEEA8-061E-489C-8E0B-50390B508631}.AppStore|iPhone.ActiveCfg = Release|x86
		{378DEEA8-061E-489C-8E0B-50390B508631}.AppStore|iPhone.Build.0 = Release|x86
		{378DEEA8-061E-489C-8E0B-50390B508631}.AppStore|iPhone.Deploy.0 = Release|x86
		{378DEEA8-061E-489C-8E0B-50390B508631}.AppStore|iPhoneSimulator.ActiveCfg = Release|x86
		{378DEEA8-061E-489C-8E0B-50390B508631}.AppStore|iPhoneSimulator.Build.0 = Release|x86
		{378DEEA8-061E-489C-8E0B-50390B508631}.AppStore|iPhoneSimulator.Deploy.0 = Release|x86
		{378DEEA8-061E-489C-8E0B-50390B508631}.AppStore|x64.ActiveCfg = Release|x64
		{378DEEA8-061E-489C-8E0B-50390B508631}.AppStore|x64.Build.0 = Release|x64
		{378DEEA8-061E-489C-8E0B-50390B508631}.AppStore|x64.Deploy.0 = Release|x64
		{378DEEA8-061E-489C-8E0B-50390B508631}.AppStore|x86.ActiveCfg = Release|x86
		{378DEEA8-061E-489C-8E0B-50390B508631}.AppStore|x86.Build.0 = Release|x86
		{378DEEA8-061E-489C-8E0B-50390B508631}.AppStore|x86.Deploy.0 = Release|x86
		{378DEEA8-061E-489C-8E0B-50390B508631}.Debug|Any CPU.ActiveCfg = Debug|x86
		{378DEEA8-061E-489C-8E0B-50390B508631}.Debug|Any CPU.Build.0 = Debug|x86
		{378DEEA8-061E-489C-8E0B-50390B508631}.Debug|Any CPU.Deploy.0 = Debug|x86
		{378DEEA8-061E-489C-8E0B-50390B508631}.Debug|ARM.ActiveCfg = Debug|ARM
		{378DEEA8-061E-489C-8E0B-50390B508631}.Debug|ARM.Build.0 = Debug|ARM
		{378DEEA8-061E-489C-8E0B-50390B508631}.Debug|ARM.Deploy.0 = Debug|ARM
		{378DEEA8-061E-489C-8E0B-50390B508631}.Debug|iPhone.ActiveCfg = Debug|x86
		{378DEEA8-061E-489C-8E0B-50390B508631}.Debug|iPhone.Build.0 = Debug|x86
		{378DEEA8-061E-489C-8E0B-50390B508631}.Debug|iPhone.Deploy.0 = Debug|x86
		{378DEEA8-061E-489C-8E0B-50390B508631}.Debug|iPhoneSimulator.ActiveCfg = Debug|x86
		{378DEEA8-061E-489C-8E0B-50390B508631}.Debug|iPhoneSimulator.Build.0 = Debug|x86
		{378DEEA8-061E-489C-8E0B-50390B508631}.Debug|iPhoneSimulator.Deploy.0 = Debug|x86
		{378DEEA8-061E-489C-8E0B-50390B508631}.Debug|x64.ActiveCfg = Debug|x64
		{378DEEA8-061E-489C-8E0B-50390B508631}.Debug|x64.Build.0 = Debug|x64
		{378DEEA8-061E-489C-8E0B-50390B508631}.Debug|x64.Deploy.0 = Debug|x64
		{378DEEA8-061E-489C-8E0B-50390B508631}.Debug|x86.ActiveCfg = Debug|x86
		{378DEEA8-061E-489C-8E0B-50390B508631}.Debug|x86.Build.0 = Debug|x86
		{378DEEA8-061E-489C-8E0B-50390B508631}.Debug|x86.Deploy.0 = Debug|x86
		{378DEEA8-061E-489C-8E0B-50390B508631}.Release|Any CPU.ActiveCfg = Release|x86
		{378DEEA8-061E-489C-8E0B-50390B508631}.Release|Any CPU.Build.0 = Release|x86
		{378DEEA8-061E-489C-8E0B-50390B508631}.Release|Any CPU.Deploy.0 = Release|x86
		{378DEEA8-061E-489C-8E0B-50390B508631}.Release|ARM.ActiveCfg = Release|ARM
		{378DEEA8-061E-489C-8E0B-50390B508631}.Release|ARM.Build.0 = Release|ARM
		{378DEEA8-061E-489C-8E0B-50390B508631}.Release|ARM.Deploy.0 = Release|ARM
		{378DEEA8-061E-489C-8E0B-50390B508631}.Release|iPhone.ActiveCfg = Release|x86
		{378DEEA8-061E-489C-8E0B-50390B508631}.Release|iPhone.Build.0 = Release|x86
		{378DEEA8-061E-489C-8E0B-50390B508631}.Release|iPhone.Deploy.0 = Release|x86
		{378DEEA8-061E-489C-8E0B-50390B508631}.Release|iPhoneSimulator.ActiveCfg = Release|x86
		{378DEEA8-061E-489C-8E0B-50390B508631}.Release|iPhoneSimulator.Build.0 = Release|x86
		{378DEEA8-061E-489C-8E0B-50390B508631}.Release|iPhoneSimulator.Deploy.0 = Release|x86
		{378DEEA8-061E-489C-8E0B-50390B508631}.Release|x64.ActiveCfg = Release|x64
		{378DEEA8-061E-489C-8E0B-50390B508631}.Release|x64.Build.0 = Release|x64
		{378DEEA8-061E-489C-8E0B-50390B508631}.Release|x64.Deploy.0 = Release|x64
		{378DEEA8-061E-489C-8E0B-50390B508631}.Release|x86.ActiveCfg = Release|x86
		{378DEEA8-061E-489C-8E0B-50390B508631}.Release|x86.Build.0 = Release|x86
		{378DEEA8-061E-489C-8E0B-50390B508631}.Release|x86.Deploy.0 = Release|x86
		{6544A2BC-94C3-45D8-B0E3-1358617E578B}.Ad-Hoc|Any CPU.ActiveCfg = Debug|Any CPU
		{6544A2BC-94C3-45D8-B0E3-1358617E578B}.Ad-Hoc|Any CPU.Build.0 = Debug|Any CPU
		{6544A2BC-94C3-45D8-B0E3-1358617E578B}.Ad-Hoc|Any CPU.Deploy.0 = Debug|Any CPU
		{6544A2BC-94C3-45D8-B0E3-1358617E578B}.Ad-Hoc|ARM.ActiveCfg = Debug|Any CPU
		{6544A2BC-94C3-45D8-B0E3-1358617E578B}.Ad-Hoc|ARM.Build.0 = Debug|Any CPU
		{6544A2BC-94C3-45D8-B0E3-1358617E578B}.Ad-Hoc|ARM.Deploy.0 = Debug|Any CPU
		{6544A2BC-94C3-45D8-B0E3-1358617E578B}.Ad-Hoc|iPhone.ActiveCfg = Debug|Any CPU
		{6544A2BC-94C3-45D8-B0E3-1358617E578B}.Ad-Hoc|iPhone.Build.0 = Debug|Any CPU
		{6544A2BC-94C3-45D8-B0E3-1358617E578B}.Ad-Hoc|iPhone.Deploy.0 = Debug|Any CPU
		{6544A2BC-94C3-45D8-B0E3-1358617E578B}.Ad-Hoc|iPhoneSimulator.ActiveCfg = Debug|Any CPU
		{6544A2BC-94C3-45D8-B0E3-1358617E578B}.Ad-Hoc|iPhoneSimulator.Build.0 = Debug|Any CPU
		{6544A2BC-94C3-45D8-B0E3-1358617E578B}.Ad-Hoc|iPhoneSimulator.Deploy.0 = Debug|Any CPU
		{6544A2BC-94C3-45D8-B0E3-1358617E578B}.Ad-Hoc|x64.ActiveCfg = Debug|Any CPU
		{6544A2BC-94C3-45D8-B0E3-1358617E578B}.Ad-Hoc|x64.Build.0 = Debug|Any CPU
		{6544A2BC-94C3-45D8-B0E3-1358617E578B}.Ad-Hoc|x64.Deploy.0 = Debug|Any CPU
		{6544A2BC-94C3-45D8-B0E3-1358617E578B}.Ad-Hoc|x86.ActiveCfg = Debug|Any CPU
		{6544A2BC-94C3-45D8-B0E3-1358617E578B}.Ad-Hoc|x86.Build.0 = Debug|Any CPU
		{6544A2BC-94C3-45D8-B0E3-1358617E578B}.Ad-Hoc|x86.Deploy.0 = Debug|Any CPU
		{6544A2BC-94C3-45D8-B0E3-1358617E578B}.AppStore|Any CPU.ActiveCfg = Debug|Any CPU
		{6544A2BC-94C3-45D8-B0E3-1358617E578B}.AppStore|Any CPU.Build.0 = Debug|Any CPU
		{6544A2BC-94C3-45D8-B0E3-1358617E578B}.AppStore|Any CPU.Deploy.0 = Debug|Any CPU
		{6544A2BC-94C3-45D8-B0E3-1358617E578B}.AppStore|ARM.ActiveCfg = Debug|Any CPU
		{6544A2BC-94C3-45D8-B0E3-1358617E578B}.AppStore|ARM.Build.0 = Debug|Any CPU
		{6544A2BC-94C3-45D8-B0E3-1358617E578B}.AppStore|ARM.Deploy.0 = Debug|Any CPU
		{6544A2BC-94C3-45D8-B0E3-1358617E578B}.AppStore|iPhone.ActiveCfg = Debug|Any CPU
		{6544A2BC-94C3-45D8-B0E3-1358617E578B}.AppStore|iPhone.Build.0 = Debug|Any CPU
		{6544A2BC-94C3-45D8-B0E3-1358617E578B}.AppStore|iPhone.Deploy.0 = Debug|Any CPU
		{6544A2BC-94C3-45D8-B0E3-1358617E578B}.AppStore|iPhoneSimulator.ActiveCfg = Debug|Any CPU
		{6544A2BC-94C3-45D8-B0E3-1358617E578B}.AppStore|iPhoneSimulator.Build.0 = Debug|Any CPU
		{6544A2BC-94C3-45D8-B0E3-1358617E578B}.AppStore|iPhoneSimulator.Deploy.0 = Debug|Any CPU
		{6544A2BC-94C3-45D8-B0E3-1358617E578B}.AppStore|x64.ActiveCfg = Debug|Any CPU
		{6544A2BC-94C3-45D8-B0E3-1358617E578B}.AppStore|x64.Build.0 = Debug|Any CPU
		{6544A2BC-94C3-45D8-B0E3-1358617E578B}.AppStore|x64.Deploy.0 = Debug|Any CPU
		{6544A2BC-94C3-45D8-B0E3-1358617E578B}.AppStore|x86.ActiveCfg = Debug|Any CPU
		{6544A2BC-94C3-45D8-B0E3-1358617E578B}.AppStore|x86.Build.0 = Debug|Any CPU
		{6544A2BC-94C3-45D8-B0E3-1358617E578B}.AppStore|x86.Deploy.0 = Debug|Any CPU
		{6544A2BC-94C3-45D8-B0E3-1358617E578B}.Debug|Any CPU.ActiveCfg = Debug|Any CPU
		{6544A2BC-94C3-45D8-B0E3-1358617E578B}.Debug|Any CPU.Build.0 = Debug|Any CPU
		{6544A2BC-94C3-45D8-B0E3-1358617E578B}.Debug|Any CPU.Deploy.0 = Debug|Any CPU
		{6544A2BC-94C3-45D8-B0E3-1358617E578B}.Debug|ARM.ActiveCfg = Debug|Any CPU
		{6544A2BC-94C3-45D8-B0E3-1358617E578B}.Debug|ARM.Build.0 = Debug|Any CPU
		{6544A2BC-94C3-45D8-B0E3-1358617E578B}.Debug|ARM.Deploy.0 = Debug|Any CPU
		{6544A2BC-94C3-45D8-B0E3-1358617E578B}.Debug|iPhone.ActiveCfg = Debug|Any CPU
		{6544A2BC-94C3-45D8-B0E3-1358617E578B}.Debug|iPhone.Build.0 = Debug|Any CPU
		{6544A2BC-94C3-45D8-B0E3-1358617E578B}.Debug|iPhone.Deploy.0 = Debug|Any CPU
		{6544A2BC-94C3-45D8-B0E3-1358617E578B}.Debug|iPhoneSimulator.ActiveCfg = Debug|Any CPU
		{6544A2BC-94C3-45D8-B0E3-1358617E578B}.Debug|iPhoneSimulator.Build.0 = Debug|Any CPU
		{6544A2BC-94C3-45D8-B0E3-1358617E578B}.Debug|iPhoneSimulator.Deploy.0 = Debug|Any CPU
		{6544A2BC-94C3-45D8-B0E3-1358617E578B}.Debug|x64.ActiveCfg = Debug|Any CPU
		{6544A2BC-94C3-45D8-B0E3-1358617E578B}.Debug|x64.Build.0 = Debug|Any CPU
		{6544A2BC-94C3-45D8-B0E3-1358617E578B}.Debug|x64.Deploy.0 = Debug|Any CPU
		{6544A2BC-94C3-45D8-B0E3-1358617E578B}.Debug|x86.ActiveCfg = Debug|Any CPU
		{6544A2BC-94C3-45D8-B0E3-1358617E578B}.Debug|x86.Build.0 = Debug|Any CPU
		{6544A2BC-94C3-45D8-B0E3-1358617E578B}.Debug|x86.Deploy.0 = Debug|Any CPU
		{6544A2BC-94C3-45D8-B0E3-1358617E578B}.Release|Any CPU.ActiveCfg = Release|Any CPU
		{6544A2BC-94C3-45D8-B0E3-1358617E578B}.Release|Any CPU.Build.0 = Release|Any CPU
		{6544A2BC-94C3-45D8-B0E3-1358617E578B}.Release|Any CPU.Deploy.0 = Release|Any CPU
		{6544A2BC-94C3-45D8-B0E3-1358617E578B}.Release|ARM.ActiveCfg = Release|Any CPU
		{6544A2BC-94C3-45D8-B0E3-1358617E578B}.Release|ARM.Build.0 = Release|Any CPU
		{6544A2BC-94C3-45D8-B0E3-1358617E578B}.Release|ARM.Deploy.0 = Release|Any CPU
		{6544A2BC-94C3-45D8-B0E3-1358617E578B}.Release|iPhone.ActiveCfg = Release|Any CPU
		{6544A2BC-94C3-45D8-B0E3-1358617E578B}.Release|iPhone.Build.0 = Release|Any CPU
		{6544A2BC-94C3-45D8-B0E3-1358617E578B}.Release|iPhone.Deploy.0 = Release|Any CPU
		{6544A2BC-94C3-45D8-B0E3-1358617E578B}.Release|iPhoneSimulator.ActiveCfg = Release|Any CPU
		{6544A2BC-94C3-45D8-B0E3-1358617E578B}.Release|iPhoneSimulator.Build.0 = Release|Any CPU
		{6544A2BC-94C3-45D8-B0E3-1358617E578B}.Release|iPhoneSimulator.Deploy.0 = Release|Any CPU
		{6544A2BC-94C3-45D8-B0E3-1358617E578B}.Release|x64.ActiveCfg = Release|Any CPU
		{6544A2BC-94C3-45D8-B0E3-1358617E578B}.Release|x64.Build.0 = Release|Any CPU
		{6544A2BC-94C3-45D8-B0E3-1358617E578B}.Release|x64.Deploy.0 = Release|Any CPU
		{6544A2BC-94C3-45D8-B0E3-1358617E578B}.Release|x86.ActiveCfg = Release|Any CPU
		{6544A2BC-94C3-45D8-B0E3-1358617E578B}.Release|x86.Build.0 = Release|Any CPU
		{6544A2BC-94C3-45D8-B0E3-1358617E578B}.Release|x86.Deploy.0 = Release|Any CPU
	EndGlobalSection
	GlobalSection(SolutionProperties) = preSolution
		HideSolutionNode = FALSE
	EndGlobalSection
	GlobalSection(ExtensibilityGlobals) = postSolution
		SolutionGuid = {800F1719-E322-4D8D-A7FB-6C73E37CDAAB}
	EndGlobalSection
EndGlobal
